
Microsoft Visual Studio Solution File, Format Version 12.00
# Visual Studio Version 17
VisualStudioVersion = 17.0.31612.314
MinimumVisualStudioVersion = 10.0.40219.1
Project("{FAE04EC0-301F-11D3-BF4B-00C04F79EFBC}") = "ModernChat", "ModernChat\ModernChat.csproj", "{69253002-149F-4CAC-98CC-21A54AF9B5DD}"
EndProject
Global
	GlobalSection(SolutionConfigurationPlatforms) = preSolution
		Debug|Any CPU = Debug|Any CPU
		Release|Any CPU = Release|Any CPU
	EndGlobalSection
	GlobalSection(ProjectConfigurationPlatforms) = postSolution
		{69253002-149F-4CAC-98CC-21A54AF9B5DD}.Debug|Any CPU.ActiveCfg = Debug|Any CPU
		{69253002-149F-4CAC-98CC-21A54AF9B5DD}.Debug|Any CPU.Build.0 = Debug|Any CPU
		{69253002-149F-4CAC-98CC-21A54AF9B5DD}.Release|Any CPU.ActiveCfg = Release|Any CPU
		{69253002-149F-4CAC-98CC-21A54AF9B5DD}.Release|Any CPU.Build.0 = Release|Any CPU
	EndGlobalSection
	GlobalSection(SolutionProperties) = preSolution
		HideSolutionNode = FALSE
	EndGlobalSection
	GlobalSection(ExtensibilityGlobals) = postSolution
		SolutionGuid = {4F6A1809-8DBC-4974-8DF1-9CC5F9BE85A8}
	EndGlobalSection
EndGlobal
